
Microsoft Visual Studio Solution File, Format Version 12.00
# Visual Studio Version 16
VisualStudioVersion = 16.0.31205.134
MinimumVisualStudioVersion = 10.0.40219.1
Project("{9A19103F-16F7-4668-BE54-9A1E7A4F7556}") = "JewelryApiService", "JewelryApiService\JewelryApiService.csproj", "{2C412656-AADA-4105-A847-E20C98AE705E}"
EndProject
Project("{FAE04EC0-301F-11D3-BF4B-00C04F79EFBC}") = "JewelryApiServiceTest", "JewelryApiServiceTest\JewelryApiServiceTest.csproj", "{812F270C-A259-4F82-81F7-22FED41D305C}"
EndProject
Global
	GlobalSection(SolutionConfigurationPlatforms) = preSolution
		Debug|Any CPU = Debug|Any CPU
		Release|Any CPU = Release|Any CPU
	EndGlobalSection
	GlobalSection(ProjectConfigurationPlatforms) = postSolution
		{2C412656-AADA-4105-A847-E20C98AE705E}.Debug|Any CPU.ActiveCfg = Debug|Any CPU
		{2C412656-AADA-4105-A847-E20C98AE705E}.Debug|Any CPU.Build.0 = Debug|Any CPU
		{2C412656-AADA-4105-A847-E20C98AE705E}.Release|Any CPU.ActiveCfg = Release|Any CPU
		{2C412656-AADA-4105-A847-E20C98AE705E}.Release|Any CPU.Build.0 = Release|Any CPU
		{812F270C-A259-4F82-81F7-22FED41D305C}.Debug|Any CPU.ActiveCfg = Debug|Any CPU
		{812F270C-A259-4F82-81F7-22FED41D305C}.Debug|Any CPU.Build.0 = Debug|Any CPU
		{812F270C-A259-4F82-81F7-22FED41D305C}.Release|Any CPU.ActiveCfg = Release|Any CPU
		{812F270C-A259-4F82-81F7-22FED41D305C}.Release|Any CPU.Build.0 = Release|Any CPU
	EndGlobalSection
	GlobalSection(SolutionProperties) = preSolution
		HideSolutionNode = FALSE
	EndGlobalSection
	GlobalSection(ExtensibilityGlobals) = postSolution
		SolutionGuid = {4C251374-54CE-4645-9AED-60F9B3630A5F}
	EndGlobalSection
EndGlobal
